Microsoft Visual Studio Solution File, Format Version 11.00
# Visual Studio 2008

Project("{B79E29B0-EDD2-B3AD-0492-4942773A0AD7}") = "SchoolGame-master", "Assembly-UnityScript.unityproj", "{112047BC-0056-34D5-DD20-BD49F467E2CF}"
EndProject
Global
	GlobalSection(SolutionConfigurationPlatforms) = preSolution
		Debug|Any CPU = Debug|Any CPU
		Release|Any CPU = Release|Any CPU
	EndGlobalSection
	GlobalSection(ProjectConfigurationPlatforms) = postSolution
		{112047BC-0056-34D5-DD20-BD49F467E2CF}.Debug|Any CPU.ActiveCfg = Debug|Any CPU
		{112047BC-0056-34D5-DD20-BD49F467E2CF}.Debug|Any CPU.Build.0 = Debug|Any CPU
		{112047BC-0056-34D5-DD20-BD49F467E2CF}.Release|Any CPU.ActiveCfg = Release|Any CPU
		{112047BC-0056-34D5-DD20-BD49F467E2CF}.Release|Any CPU.Build.0 = Release|Any CPU
	EndGlobalSection
	GlobalSection(SolutionProperties) = preSolution
		HideSolutionNode = FALSE
	EndGlobalSection
																																																																																																																																																																																			GlobalSection(MonoDevelopProperties) = preSolution
		StartupItem = Assembly-CSharp.csproj
		Policies = $0
		$0.TextStylePolicy = $1
		$1.inheritsSet = null
		$1.scope = text/x-csharp
		$0.CSharpFormattingPolicy = $2
		$2.inheritsSet = Mono
		$2.inheritsScope = text/x-csharp
		$2.scope = text/x-csharp
		$0.TextStylePolicy = $3
		$3.FileWidth = 120
		$3.TabWidth = 4
		$3.EolMarker = Unix
		$3.inheritsSet = Mono
		$3.inheritsScope = text/plain
		$3.scope = text/plain
	EndGlobalSection

EndGlobal
